Microsoft Visual Studio Solution File, Format Version 12.00
# Visual Studio Version 17
VisualStudioVersion = 17.3.32825.248
MinimumVisualStudioVersion = 10.0.40219.1
Project("{CB3CA2E5-F0CF-41B7-868C-37B8292A6374}") = "BFC.Bonsai.Tiff", "src\BFC.Bonsai.Tiff\BFC.Bonsai.Tiff.csproj", "{9D141019-46AF-4E79-A566-9F2BD670F6FD}"
EndProject
Project("{2150E333-8FDC-42A3-9474-1A3956D46DE8}") = "build", "build", "{DEE5DD87-39C1-BF34-B639-A387DCCF972B}"
	ProjectSection(SolutionItems) = preProject
		build\Common.csproj.props = build\Common.csproj.props
		build\Common.csproj.targets = build\Common.csproj.targets
		build\Common.Tests.csproj.props = build\Common.Tests.csproj.props
		build\icon.png = build\icon.png
		build\Package.props = build\Package.props
		build\Project.csproj.props = build\Project.csproj.props
		build\Version.props = build\Version.props
	EndProjectSection
EndProject
Project("{2150E333-8FDC-42A3-9474-1A3956D46DE8}") = "src", "src", "{D3F4F793-15D9-4496-9530-7C49F68250DE}"
EndProject
Project("{FAE04EC0-301F-11D3-BF4B-00C04F79EFBC}") = "BFC.Bonsai.Tiff.Tests", "src\BFC.Bonsai.Tiff.Tests\BFC.Bonsai.Tiff.Tests.csproj", "{40F268FD-3117-4C98-AA46-A132144BBF31}"
EndProject
Global
	GlobalSection(SolutionConfigurationPlatforms) = preSolution
		Debug|Any CPU = Debug|Any CPU
		Release|Any CPU = Release|Any CPU
	EndGlobalSection
	GlobalSection(ProjectConfigurationPlatforms) = postSolution
		{9D141019-46AF-4E79-A566-9F2BD670F6FD}.Debug|Any CPU.ActiveCfg = Debug|Any CPU
		{9D141019-46AF-4E79-A566-9F2BD670F6FD}.Debug|Any CPU.Build.0 = Debug|Any CPU
		{9D141019-46AF-4E79-A566-9F2BD670F6FD}.Release|Any CPU.ActiveCfg = Release|Any CPU
		{9D141019-46AF-4E79-A566-9F2BD670F6FD}.Release|Any CPU.Build.0 = Release|Any CPU
		{40F268FD-3117-4C98-AA46-A132144BBF31}.Debug|Any CPU.ActiveCfg = Debug|Any CPU
		{40F268FD-3117-4C98-AA46-A132144BBF31}.Debug|Any CPU.Build.0 = Debug|Any CPU
		{40F268FD-3117-4C98-AA46-A132144BBF31}.Release|Any CPU.ActiveCfg = Release|Any CPU
		{40F268FD-3117-4C98-AA46-A132144BBF31}.Release|Any CPU.Build.0 = Release|Any CPU
	EndGlobalSection
	GlobalSection(SolutionProperties) = preSolution
		HideSolutionNode = FALSE
	EndGlobalSection
	GlobalSection(ExtensibilityGlobals) = postSolution
		SolutionGuid = {E20C977F-0184-4DEC-8DE8-4C0CAEF23D82}
	EndGlobalSection
	GlobalSection(NestedProjects) = preSolution
		{40F268FD-3117-4C98-AA46-A132144BBF31} = {D3F4F793-15D9-4496-9530-7C49F68250DE}
	EndGlobalSection
EndGlobal
